{
  "nodes": {
    "flake-compat": {
      "flake": false,
      "locked": {
        "lastModified": 1627913399,
        "narHash": "sha256-hY8g6H2KFL8ownSiFeMOjwPC8P0ueXpCVEbxgda3pko=",
        "owner": "edolstra",
        "repo": "flake-compat",
        "rev": "12c64ca55c1014cdc1b16ed5a804aa8576601ff2",
        "type": "github"
      },
      "original": {
        "owner": "edolstra",
        "repo": "flake-compat",
        "type": "github"
      }
    },
    "flake-utils": {
      "locked": {
        "lastModified": 1659877975,
        "narHash": "sha256-zllb8aq3YO3h8B/U0/J1WBgAL8EX5yWf5pMj3G0NAmc=",
        "owner": "numtide",
        "repo": "flake-utils",
        "rev": "c0e246b9b83f637f4681389ecabcb2681b4f3af0",
        "type": "github"
      },
      "original": {
        "id": "flake-utils",
        "type": "indirect"
      }
    },
    "flake-utils_2": {
      "locked": {
        "lastModified": 1659877975,
        "narHash": "sha256-zllb8aq3YO3h8B/U0/J1WBgAL8EX5yWf5pMj3G0NAmc=",
        "owner": "numtide",
        "repo": "flake-utils",
        "rev": "c0e246b9b83f637f4681389ecabcb2681b4f3af0",
        "type": "github"
      },
      "original": {
        "owner": "numtide",
        "repo": "flake-utils",
        "type": "github"
      }
    },
    "hillingar": {
      "inputs": {
        "flake-utils": "flake-utils_2",
        "nix-filter": "nix-filter",
        "nixpkgs": [
          "nixpkgs"
        ],
        "opam-nix": "opam-nix",
        "opam-overlays": [
          "opam-overlays"
        ],
        "opam-repository": [
          "opam-repository"
        ],
        "opam2json": "opam2json"
      },
      "locked": {
        "lastModified": 1663767337,
        "narHash": "sha256-DtS9KlX9fGgutdyRy/neE/xa8CXJbRsJJ4Uf4C+23ek=",
        "owner": "RyanGibb",
        "repo": "hillingar",
        "rev": "468cec85eb7e071f86ca3e98dfd21f8023205371",
        "type": "github"
      },
      "original": {
        "owner": "RyanGibb",
        "repo": "hillingar",
        "type": "github"
      }
    },
    "nix-filter": {
      "locked": {
        "lastModified": 1659352118,
        "narHash": "sha256-X/Tdlj/PYxcQg/1hcHXxdnDr5zLO22LohIudX+oT968=",
        "owner": "numtide",
        "repo": "nix-filter",
        "rev": "3e1fff9ec0112fe5ec61ea7cc6d37c1720d865f8",
        "type": "github"
      },
      "original": {
        "owner": "numtide",
        "ref": "3e1fff9",
        "repo": "nix-filter",
        "type": "github"
      }
    },
    "nixpkgs": {
      "locked": {
        "lastModified": 1663707275,
        "narHash": "sha256-xRIlf8OWJLPxeF5y8iToWx9M1P3pUhPuyXeXUrIjaf8=",
        "owner": "nixos",
        "repo": "nixpkgs",
        "rev": "2f8b8bc98da3cbcf287df9cb4fae4857282fe60a",
        "type": "github"
      },
      "original": {
        "owner": "nixos",
        "repo": "nixpkgs",
        "type": "github"
      }
    },
    "opam-nix": {
      "inputs": {
        "flake-compat": "flake-compat",
        "flake-utils": [
          "hillingar",
          "flake-utils"
        ],
        "nixpkgs": [
          "hillingar",
          "nixpkgs"
        ],
        "opam-overlays": [
          "hillingar",
          "opam-overlays"
        ],
        "opam-repository": [
          "hillingar",
          "opam-repository"
        ],
        "opam2json": [
          "hillingar",
          "opam2json"
        ]
      },
      "locked": {
        "lastModified": 1663762807,
        "narHash": "sha256-ews+mrqhs1G8OFYilmW+MjQTmUwSbRhhU7GejLCztwc=",
        "owner": "RyanGibb",
        "repo": "opam-nix",
        "rev": "64859a2881e565a71fd93c5c14f77e4329f57a4b",
        "type": "github"
      },
      "original": {
        "owner": "RyanGibb",
        "repo": "opam-nix",
        "type": "github"
      }
    },
    "opam-overlays": {
      "flake": false,
      "locked": {
        "lastModified": 1654162756,
        "narHash": "sha256-RV68fUK+O3zTx61iiHIoS0LvIk0E4voMp+0SwRg6G6c=",
        "owner": "dune-universe",
        "repo": "opam-overlays",
        "rev": "c8f6ef0fc5272f254df4a971a47de7848cc1c8a4",
        "type": "github"
      },
      "original": {
        "owner": "dune-universe",
        "repo": "opam-overlays",
        "type": "github"
      }
    },
    "opam-repository": {
      "flake": false,
      "locked": {
        "lastModified": 1663764137,
        "narHash": "sha256-lLvUduzo13xhpgs2CbCocCMJf94UIxdXuGHvYgx34dA=",
        "owner": "ocaml",
        "repo": "opam-repository",
        "rev": "093d829a67718239dc4cdbf89bf31642c89496fd",
        "type": "github"
      },
      "original": {
        "owner": "ocaml",
        "repo": "opam-repository",
        "type": "github"
      }
    },
    "opam2json": {
      "inputs": {
        "nixpkgs": [
          "hillingar",
          "nixpkgs"
        ]
      },
      "locked": {
        "lastModified": 1658000773,
        "narHash": "sha256-Tj2sOxqsvbUE/JQPQseNlBu1yVkxVwNo4xZGPvL2mlw=",
        "owner": "tweag",
        "repo": "opam2json",
        "rev": "14f9b2a6013fffc457bd8f5d414963fc087157db",
        "type": "github"
      },
      "original": {
        "owner": "tweag",
        "repo": "opam2json",
        "type": "github"
      }
    },
    "root": {
      "inputs": {
        "flake-utils": "flake-utils",
        "hillingar": "hillingar",
        "nixpkgs": "nixpkgs",
        "opam-overlays": "opam-overlays",
        "opam-repository": "opam-repository"
      }
    }
  },
  "root": "root",
  "version": 7
}
